
Microsoft Visual Studio Solution File, Format Version 12.00
# Visual Studio 2013
VisualStudioVersion = 12.0.21005.1
MinimumVisualStudioVersion = 10.0.40219.1
Project("{FAE04EC0-301F-11D3-BF4B-00C04F79EFBC}") = "01. Square root", "07. Exception Handling\01. Square root.csproj", "{C907A6DB-B6A4-4017-8281-57FD69395830}"
EndProject
Project("{FAE04EC0-301F-11D3-BF4B-00C04F79EFBC}") = "02. Enter numbers", "02. Enter numbers\02. Enter numbers.csproj", "{4C0CE1B5-19CD-4941-AC5F-3568B9F3C675}"
EndProject
Global
	GlobalSection(SolutionConfigurationPlatforms) = preSolution
		Debug|Any CPU = Debug|Any CPU
		Release|Any CPU = Release|Any CPU
	EndGlobalSection
	GlobalSection(ProjectConfigurationPlatforms) = postSolution
		{C907A6DB-B6A4-4017-8281-57FD69395830}.Debug|Any CPU.ActiveCfg = Debug|Any CPU
		{C907A6DB-B6A4-4017-8281-57FD69395830}.Debug|Any CPU.Build.0 = Debug|Any CPU
		{C907A6DB-B6A4-4017-8281-57FD69395830}.Release|Any CPU.ActiveCfg = Release|Any CPU
		{C907A6DB-B6A4-4017-8281-57FD69395830}.Release|Any CPU.Build.0 = Release|Any CPU
		{4C0CE1B5-19CD-4941-AC5F-3568B9F3C675}.Debug|Any CPU.ActiveCfg = Debug|Any CPU
		{4C0CE1B5-19CD-4941-AC5F-3568B9F3C675}.Debug|Any CPU.Build.0 = Debug|Any CPU
		{4C0CE1B5-19CD-4941-AC5F-3568B9F3C675}.Release|Any CPU.ActiveCfg = Release|Any CPU
		{4C0CE1B5-19CD-4941-AC5F-3568B9F3C675}.Release|Any CPU.Build.0 = Release|Any CPU
	EndGlobalSection
	GlobalSection(SolutionProperties) = preSolution
		HideSolutionNode = FALSE
	EndGlobalSection
EndGlobal
